// !$*UTF8*$!
{
	archiveVersion = 1;
	classes = {
	};
	objectVersion = 55;
	objects = {

/* Begin PBXBuildFile section */
		30AB90E228EB2AC700897285 /* intergalacticTravelApp.swift in Sources */ = {isa = PBXBuildFile; fileRef = 30AB90E128EB2AC700897285 /* intergalacticTravelApp.swift */; };
		30AB90E428EB2AC700897285 /* ContentView.swift in Sources */ = {isa = PBXBuildFile; fileRef = 30AB90E328EB2AC700897285 /* ContentView.swift */; };
		30AB90E628EB2AC700897285 /* Assets.xcassets in Resources */ = {isa = PBXBuildFile; fileRef = 30AB90E528EB2AC700897285 /* Assets.xcassets */; };
		30AB90E928EB2AC700897285 /* Preview Assets.xcassets in Resources */ = {isa = PBXBuildFile; fileRef = 30AB90E828EB2AC700897285 /* Preview Assets.xcassets */; };
		30AB90F328EB2AC700897285 /* intergalacticTravelTests.swift in Sources */ = {isa = PBXBuildFile; fileRef = 30AB90F228EB2AC700897285 /* intergalacticTravelTests.swift */; };
		30AB90FD28EB2AC800897285 /* intergalacticTravelUITests.swift in Sources */ = {isa = PBXBuildFile; fileRef = 30AB90FC28EB2AC800897285 /* intergalacticTravelUITests.swift */; };
		30AB90FF28EB2AC800897285 /* intergalacticTravelUITestsLaunchTests.swift in Sources */ = {isa = PBXBuildFile; fileRef = 30AB90FE28EB2AC800897285 /* intergalacticTravelUITestsLaunchTests.swift */; };
/* End PBXBuildFile section */

/* Begin PBXContainerItemProxy section */
		30AB90EF28EB2AC700897285 /* PBXContainerItemProxy */ = {
			isa = PBXContainerItemProxy;
			containerPortal = 30AB90D628EB2AC700897285 /* Project object */;
			proxyType = 1;
			remoteGlobalIDString = 30AB90DD28EB2AC700897285;
			remoteInfo = intergalacticTravel;
		};
		30AB90F928EB2AC800897285 /* PBXContainerItemProxy */ = {
			isa = PBXContainerItemProxy;
			containerPortal = 30AB90D628EB2AC700897285 /* Project object */;
			proxyType = 1;
			remoteGlobalIDString = 30AB90DD28EB2AC700897285;
			remoteInfo = intergalacticTravel;
		};
/* End PBXContainerItemProxy section */

/* Begin PBXFileReference section */
		30AB90DE28EB2AC700897285 /* intergalacticTravel.app */ = {isa = PBXFileReference; explicitFileType = wrapper.application; includeInIndex = 0; path = intergalacticTravel.app; sourceTree = BUILT_PRODUCTS_DIR; };
		30AB90E128EB2AC700897285 /* intergalacticTravelApp.swift */ = {isa = PBXFileReference; lastKnownFileType = sourcecode.swift; path = intergalacticTravelApp.swift; sourceTree = "<group>"; };
		30AB90E328EB2AC700897285 /* ContentView.swift */ = {isa = PBXFileReference; lastKnownFileType = sourcecode.swift; path = ContentView.swift; sourceTree = "<group>"; };
		30AB90E528EB2AC700897285 /* Assets.xcassets */ = {isa = PBXFileReference; lastKnownFileType = folder.assetcatalog; path = Assets.xcassets; sourceTree = "<group>"; };
		30AB90E828EB2AC700897285 /* Preview Assets.xcassets */ = {isa = PBXFileReference; lastKnownFileType = folder.assetcatalog; path = "Preview Assets.xcassets"; sourceTree = "<group>"; };
		30AB90EE28EB2AC700897285 /* intergalacticTravelTests.xctest */ = {isa = PBXFileReference; explicitFileType = wrapper.cfbundle; includeInIndex = 0; path = intergalacticTravelTests.xctest; sourceTree = BUILT_PRODUCTS_DIR; };
		30AB90F228EB2AC700897285 /* intergalacticTravelTests.swift */ = {isa = PBXFileReference; lastKnownFileType = sourcecode.swift; path = intergalacticTravelTests.swift; sourceTree = "<group>"; };
		30AB90F828EB2AC800897285 /* intergalacticTravelUITests.xctest */ = {isa = PBXFileReference; explicitFileType = wrapper.cfbundle; includeInIndex = 0; path = intergalacticTravelUITests.xctest; sourceTree = BUILT_PRODUCTS_DIR; };
		30AB90FC28EB2AC800897285 /* intergalacticTravelUITests.swift */ = {isa = PBXFileReference; lastKnownFileType = sourcecode.swift; path = intergalacticTravelUITests.swift; sourceTree = "<group>"; };
		30AB90FE28EB2AC800897285 /* intergalacticTravelUITestsLaunchTests.swift */ = {isa = PBXFileReference; lastKnownFileType = sourcecode.swift; path = intergalacticTravelUITestsLaunchTests.swift; sourceTree = "<group>"; };
/* End PBXFileReference section */

/* Begin PBXFrameworksBuildPhase section */
		30AB90DB28EB2AC700897285 /* Frameworks */ = {
			isa = PBXFrameworksBuildPhase;
			buildActionMask = 2147483647;
			files = (
			);
			runOnlyForDeploymentPostprocessing = 0;
		};
		30AB90EB28EB2AC700897285 /* Frameworks */ = {
			isa = PBXFrameworksBuildPhase;
			buildActionMask = 2147483647;
			files = (
			);
			runOnlyForDeploymentPostprocessing = 0;
		};
		30AB90F528EB2AC700897285 /* Frameworks */ = {
			isa = PBXFrameworksBuildPhase;
			buildActionMask = 2147483647;
			files = (
			);
			runOnlyForDeploymentPostprocessing = 0;
		};
/* End PBXFrameworksBuildPhase section */

/* Begin PBXGroup section */
		30AB90D528EB2AC700897285 = {
			isa = PBXGroup;
			children = (
				30AB90E028EB2AC700897285 /* intergalacticTravel */,
				30AB90F128EB2AC700897285 /* intergalacticTravelTests */,
				30AB90FB28EB2AC800897285 /* intergalacticTravelUITests */,
				30AB90DF28EB2AC700897285 /* Products */,
			);
			sourceTree = "<group>";
		};
		30AB90DF28EB2AC700897285 /* Products */ = {
			isa = PBXGroup;
			children = (
				30AB90DE28EB2AC700897285 /* intergalacticTravel.app */,
				30AB90EE28EB2AC700897285 /* intergalacticTravelTests.xctest */,
				30AB90F828EB2AC800897285 /* intergalacticTravelUITests.xctest */,
			);
			name = Products;
			sourceTree = "<group>";
		};
		30AB90E028EB2AC700897285 /* intergalacticTravel */ = {
			isa = PBXGroup;
			children = (
				30AB90E128EB2AC700897285 /* intergalacticTravelApp.swift */,
				30AB90E328EB2AC700897285 /* ContentView.swift */,
				30AB90E528EB2AC700897285 /* Assets.xcassets */,
				30AB90E728EB2AC700897285 /* Preview Content */,
			);
			path = intergalacticTravel;
			sourceTree = "<group>";
		};
		30AB90E728EB2AC700897285 /* Preview Content */ = {
			isa = PBXGroup;
			children = (
				30AB90E828EB2AC700897285 /* Preview Assets.xcassets */,
			);
			path = "Preview Content";
			sourceTree = "<group>";
		};
		30AB90F128EB2AC700897285 /* intergalacticTravelTests */ = {
			isa = PBXGroup;
			children = (
				30AB90F228EB2AC700897285 /* intergalacticTravelTests.swift */,
			);
			path = intergalacticTravelTests;
			sourceTree = "<group>";
		};
		30AB90FB28EB2AC800897285 /* intergalacticTravelUITests */ = {
			isa = PBXGroup;
			children = (
				30AB90FC28EB2AC800897285 /* intergalacticTravelUITests.swift */,
				30AB90FE28EB2AC800897285 /* intergalacticTravelUITestsLaunchTests.swift */,
			);
			path = intergalacticTravelUITests;
			sourceTree = "<group>";
		};
/* End PBXGroup section */

/* Begin PBXNativeTarget section */
		30AB90DD28EB2AC700897285 /* intergalacticTravel */ = {
			isa = PBXNativeTarget;
			buildConfigurationList = 30AB910228EB2AC800897285 /* Build configuration list for PBXNativeTarget "intergalacticTravel" */;
			buildPhases = (
				30AB90DA28EB2AC700897285 /* Sources */,
				30AB90DB28EB2AC700897285 /* Frameworks */,
				30AB90DC28EB2AC700897285 /* Resources */,
			);
			buildRules = (
			);
			dependencies = (
			);
			name = intergalacticTravel;
			productName = intergalacticTravel;
			productReference = 30AB90DE28EB2AC700897285 /* intergalacticTravel.app */;
			productType = "com.apple.product-type.application";
		};
		30AB90ED28EB2AC700897285 /* intergalacticTravelTests */ = {
			isa = PBXNativeTarget;
			buildConfigurationList = 30AB910528EB2AC800897285 /* Build configuration list for PBXNativeTarget "intergalacticTravelTests" */;
			buildPhases = (
				30AB90EA28EB2AC700897285 /* Sources */,
				30AB90EB28EB2AC700897285 /* Frameworks */,
				30AB90EC28EB2AC700897285 /* Resources */,
			);
			buildRules = (
			);
			dependencies = (
				30AB90F028EB2AC700897285 /* PBXTargetDependency */,
			);
			name = intergalacticTravelTests;
			productName = intergalacticTravelTests;
			productReference = 30AB90EE28EB2AC700897285 /* intergalacticTravelTests.xctest */;
			productType = "com.apple.product-type.bundle.unit-test";
		};
		30AB90F728EB2AC700897285 /* intergalacticTravelUITests */ = {
			isa = PBXNativeTarget;
			buildConfigurationList = 30AB910828EB2AC800897285 /* Build configuration list for PBXNativeTarget "intergalacticTravelUITests" */;
			buildPhases = (
				30AB90F428EB2AC700897285 /* Sources */,
				30AB90F528EB2AC700897285 /* Frameworks */,
				30AB90F628EB2AC700897285 /* Resources */,
			);
			buildRules = (
			);
			dependencies = (
				30AB90FA28EB2AC800897285 /* PBXTargetDependency */,
			);
			name = intergalacticTravelUITests;
			productName = intergalacticTravelUITests;
			productReference = 30AB90F828EB2AC800897285 /* intergalacticTravelUITests.xctest */;
			productType = "com.apple.product-type.bundle.ui-testing";
		};
/* End PBXNativeTarget section */

/* Begin PBXProject section */
		30AB90D628EB2AC700897285 /* Project object */ = {
			isa = PBXProject;
			attributes = {
				BuildIndependentTargetsInParallel = 1;
				LastSwiftUpdateCheck = 1340;
				LastUpgradeCheck = 1340;
				TargetAttributes = {
					30AB90DD28EB2AC700897285 = {
						CreatedOnToolsVersion = 13.4.1;
					};
					30AB90ED28EB2AC700897285 = {
						CreatedOnToolsVersion = 13.4.1;
						TestTargetID = 30AB90DD28EB2AC700897285;
					};
					30AB90F728EB2AC700897285 = {
						CreatedOnToolsVersion = 13.4.1;
						TestTargetID = 30AB90DD28EB2AC700897285;
					};
				};
			};
			buildConfigurationList = 30AB90D928EB2AC700897285 /* Build configuration list for PBXProject "intergalacticTravel" */;
			compatibilityVersion = "Xcode 13.0";
			developmentRegion = en;
			hasScannedForEncodings = 0;
			knownRegions = (
				en,
				Base,
			);
			mainGroup = 30AB90D528EB2AC700897285;
			productRefGroup = 30AB90DF28EB2AC700897285 /* Products */;
			projectDirPath = "";
			projectRoot = "";
			targets = (
				30AB90DD28EB2AC700897285 /* intergalacticTravel */,
				30AB90ED28EB2AC700897285 /* intergalacticTravelTests */,
				30AB90F728EB2AC700897285 /* intergalacticTravelUITests */,
			);
		};
/* End PBXProject section */

/* Begin PBXResourcesBuildPhase section */
		30AB90DC28EB2AC700897285 /* Resources */ = {
			isa = PBXResourcesBuildPhase;
			buildActionMask = 2147483647;
			files = (
				30AB90E928EB2AC700897285 /* Preview Assets.xcassets in Resources */,
				30AB90E628EB2AC700897285 /* Assets.xcassets in Resources */,
			);
			runOnlyForDeploymentPostprocessing = 0;
		};
		30AB90EC28EB2AC700897285 /* Resources */ = {
			isa = PBXResourcesBuildPhase;
			buildActionMask = 2147483647;
			files = (
			);
			runOnlyForDeploymentPostprocessing = 0;
		};
		30AB90F628EB2AC700897285 /* Resources */ = {
			isa = PBXResourcesBuildPhase;
			buildActionMask = 2147483647;
			files = (
			);
			runOnlyForDeploymentPostprocessing = 0;
		};
/* End PBXResourcesBuildPhase section */

/* Begin PBXSourcesBuildPhase section */
		30AB90DA28EB2AC700897285 /* Sources */ = {
			isa = PBXSourcesBuildPhase;
			buildActionMask = 2147483647;
			files = (
				30AB90E428EB2AC700897285 /* ContentView.swift in Sources */,
				30AB90E228EB2AC700897285 /* intergalacticTravelApp.swift in Sources */,
			);
			runOnlyForDeploymentPostprocessing = 0;
		};
		30AB90EA28EB2AC700897285 /* Sources */ = {
			isa = PBXSourcesBuildPhase;
			buildActionMask = 2147483647;
			files = (
				30AB90F328EB2AC700897285 /* intergalacticTravelTests.swift in Sources */,
			);
			runOnlyForDeploymentPostprocessing = 0;
		};
		30AB90F428EB2AC700897285 /* Sources */ = {
			isa = PBXSourcesBuildPhase;
			buildActionMask = 2147483647;
			files = (
				30AB90FD28EB2AC800897285 /* intergalacticTravelUITests.swift in Sources */,
				30AB90FF28EB2AC800897285 /* intergalacticTravelUITestsLaunchTests.swift in Sources */,
			);
			runOnlyForDeploymentPostprocessing = 0;
		};
/* End PBXSourcesBuildPhase section */

/* Begin PBXTargetDependency section */
		30AB90F028EB2AC700897285 /* PBXTargetDependency */ = {
			isa = PBXTargetDependency;
			target = 30AB90DD28EB2AC700897285 /* intergalacticTravel */;
			targetProxy = 30AB90EF28EB2AC700897285 /* PBXContainerItemProxy */;
		};
		30AB90FA28EB2AC800897285 /* PBXTargetDependency */ = {
			isa = PBXTargetDependency;
			target = 30AB90DD28EB2AC700897285 /* intergalacticTravel */;
			targetProxy = 30AB90F928EB2AC800897285 /* PBXContainerItemProxy */;
		};
/* End PBXTargetDependency section */

/* Begin XCBuildConfiguration section */
		30AB910028EB2AC800897285 /* Debug */ = {
			isa = XCBuildConfiguration;
			buildSettings = {
				ALWAYS_SEARCH_USER_PATHS = NO;
				CLANG_ANALYZER_NONNULL = YES;
				CLANG_ANALYZER_NUMBER_OBJECT_CONVERSION = YES_AGGRESSIVE;
				CLANG_CXX_LANGUAGE_STANDARD = "gnu++17";
				CLANG_ENABLE_MODULES = YES;
				CLANG_ENABLE_OBJC_ARC = YES;
				CLANG_ENABLE_OBJC_WEAK = YES;
				CLANG_WARN_BLOCK_CAPTURE_AUTORELEASING = YES;
				CLANG_WARN_BOOL_CONVERSION = YES;
				CLANG_WARN_COMMA = YES;
				CLANG_WARN_CONSTANT_CONVERSION = YES;
				CLANG_WARN_DEPRECATED_OBJC_IMPLEMENTATIONS = YES;
				CLANG_WARN_DIRECT_OBJC_ISA_USAGE = YES_ERROR;
				CLANG_WARN_DOCUMENTATION_COMMENTS = YES;
				CLANG_WARN_EMPTY_BODY = YES;
				CLANG_WARN_ENUM_CONVERSION = YES;
				CLANG_WARN_INFINITE_RECURSION = YES;
				CLANG_WARN_INT_CONVERSION = YES;
				CLANG_WARN_NON_LITERAL_NULL_CONVERSION = YES;
				CLANG_WARN_OBJC_IMPLICIT_RETAIN_SELF = YES;
				CLANG_WARN_OBJC_LITERAL_CONVERSION = YES;
				CLANG_WARN_OBJC_ROOT_CLASS = YES_ERROR;
				CLANG_WARN_QUOTED_INCLUDE_IN_FRAMEWORK_HEADER = YES;
				CLANG_WARN_RANGE_LOOP_ANALYSIS = YES;
				CLANG_WARN_STRICT_PROTOTYPES = YES;
				CLANG_WARN_SUSPICIOUS_MOVE = YES;
				CLANG_WARN_UNGUARDED_AVAILABILITY = YES_AGGRESSIVE;
				CLANG_WARN_UNREACHABLE_CODE = YES;
				CLANG_WARN__DUPLICATE_METHOD_MATCH = YES;
				COPY_PHASE_STRIP = NO;
				DEBUG_INFORMATION_FORMAT = dwarf;
				ENABLE_STRICT_OBJC_MSGSEND = YES;
				ENABLE_TESTABILITY = YES;
				GCC_C_LANGUAGE_STANDARD = gnu11;
				GCC_DYNAMIC_NO_PIC = NO;
				GCC_NO_COMMON_BLOCKS = YES;
				GCC_OPTIMIZATION_LEVEL = 0;
				GCC_PREPROCESSOR_DEFINITIONS = (
					"DEBUG=1",
					"$(inherited)",
				);
				GCC_WARN_64_TO_32_BIT_CONVERSION = YES;
				GCC_WARN_ABOUT_RETURN_TYPE = YES_ERROR;
				GCC_WARN_UNDECLARED_SELECTOR = YES;
				GCC_WARN_UNINITIALIZED_AUTOS = YES_AGGRESSIVE;
				GCC_WARN_UNUSED_FUNCTION = YES;
				GCC_WARN_UNUSED_VARIABLE = YES;
				IPHONEOS_DEPLOYMENT_TARGET = 15.5;
				MTL_ENABLE_DEBUG_INFO = INCLUDE_SOURCE;
				MTL_FAST_MATH = YES;
				ONLY_ACTIVE_ARCH = YES;
				SDKROOT = iphoneos;
				SWIFT_ACTIVE_COMPILATION_CONDITIONS = DEBUG;
				SWIFT_OPTIMIZATION_LEVEL = "-Onone";
			};
			name = Debug;
		};
		30AB910128EB2AC800897285 /* Release */ = {
			isa = XCBuildConfiguration;
			buildSettings = {
				ALWAYS_SEARCH_USER_PATHS = NO;
				CLANG_ANALYZER_NONNULL = YES;
				CLANG_ANALYZER_NUMBER_OBJECT_CONVERSION = YES_AGGRESSIVE;
				CLANG_CXX_LANGUAGE_STANDARD = "gnu++17";
				CLANG_ENABLE_MODULES = YES;
				CLANG_ENABLE_OBJC_ARC = YES;
				CLANG_ENABLE_OBJC_WEAK = YES;
				CLANG_WARN_BLOCK_CAPTURE_AUTORELEASING = YES;
				CLANG_WARN_BOOL_CONVERSION = YES;
				CLANG_WARN_COMMA = YES;
				CLANG_WARN_CONSTANT_CONVERSION = YES;
				CLANG_WARN_DEPRECATED_OBJC_IMPLEMENTATIONS = YES;
				CLANG_WARN_DIRECT_OBJC_ISA_USAGE = YES_ERROR;
				CLANG_WARN_DOCUMENTATION_COMMENTS = YES;
				CLANG_WARN_EMPTY_BODY = YES;
				CLANG_WARN_ENUM_CONVERSION = YES;
				CLANG_WARN_INFINITE_RECURSION = YES;
				CLANG_WARN_INT_CONVERSION = YES;
				CLANG_WARN_NON_LITERAL_NULL_CONVERSION = YES;
				CLANG_WARN_OBJC_IMPLICIT_RETAIN_SELF = YES;
				CLANG_WARN_OBJC_LITERAL_CONVERSION = YES;
				CLANG_WARN_OBJC_ROOT_CLASS = YES_ERROR;
				CLANG_WARN_QUOTED_INCLUDE_IN_FRAMEWORK_HEADER = YES;
				CLANG_WARN_RANGE_LOOP_ANALYSIS = YES;
				CLANG_WARN_STRICT_PROTOTYPES = YES;
				CLANG_WARN_SUSPICIOUS_MOVE = YES;
				CLANG_WARN_UNGUARDED_AVAILABILITY = YES_AGGRESSIVE;
				CLANG_WARN_UNREACHABLE_CODE = YES;
				CLANG_WARN__DUPLICATE_METHOD_MATCH = YES;
				COPY_PHASE_STRIP = NO;
				DEBUG_INFORMATION_FORMAT = "dwarf-with-dsym";
				ENABLE_NS_ASSERTIONS = NO;
				ENABLE_STRICT_OBJC_MSGSEND = YES;
				GCC_C_LANGUAGE_STANDARD = gnu11;
				GCC_NO_COMMON_BLOCKS = YES;
				GCC_WARN_64_TO_32_BIT_CONVERSION = YES;
				GCC_WARN_ABOUT_RETURN_TYPE = YES_ERROR;
				GCC_WARN_UNDECLARED_SELECTOR = YES;
				GCC_WARN_UNINITIALIZED_AUTOS = YES_AGGRESSIVE;
				GCC_WARN_UNUSED_FUNCTION = YES;
				GCC_WARN_UNUSED_VARIABLE = YES;
				IPHONEOS_DEPLOYMENT_TARGET = 15.5;
				MTL_ENABLE_DEBUG_INFO = NO;
				MTL_FAST_MATH = YES;
				SDKROOT = iphoneos;
				SWIFT_COMPILATION_MODE = wholemodule;
				SWIFT_OPTIMIZATION_LEVEL = "-O";
				VALIDATE_PRODUCT = YES;
			};
			name = Release;
		};
		30AB910328EB2AC800897285 /* Debug */ = {
			isa = XCBuildConfiguration;
			buildSettings = {
				ASSETCATALOG_COMPILER_APPICON_NAME = AppIcon;
				ASSETCATALOG_COMPILER_GLOBAL_ACCENT_COLOR_NAME = AccentColor;
				CODE_SIGN_STYLE = Automatic;
				CURRENT_PROJECT_VERSION = 1;
				DEVELOPMENT_ASSET_PATHS = "\"intergalacticTravel/Preview Content\"";
				DEVELOPMENT_TEAM = NX45SC475G;
				ENABLE_PREVIEWS = YES;
				GENERATE_INFOPLIST_FILE = YES;
				INFOPLIST_KEY_UIApplicationSceneManifest_Generation = YES;
				INFOPLIST_KEY_UIApplicationSupportsIndirectInputEvents = YES;
				INFOPLIST_KEY_UILaunchScreen_Generation = YES;
				INFOPLIST_KEY_UISupportedInterfaceOrientations_iPad = "UIInterfaceOrientationPortrait UIInterfaceOrientationPortraitUpsideDown UIInterfaceOrientationLandscapeLeft UIInterfaceOrientationLandscapeRight";
				INFOPLIST_KEY_UISupportedInterfaceOrientations_iPhone = "UIInterfaceOrientationPortrait UIInterfaceOrientationLandscapeLeft UIInterfaceOrientationLandscapeRight";
				LD_RUNPATH_SEARCH_PATHS = (
					"$(inherited)",
					"@executable_path/Frameworks",
				);
				MARKETING_VERSION = 1.0;
				PRODUCT_BUNDLE_IDENTIFIER = MApps.intergalacticTravel;
				PRODUCT_NAME = "$(TARGET_NAME)";
				SWIFT_EMIT_LOC_STRINGS = YES;
				SWIFT_VERSION = 5.0;
				TARGETED_DEVICE_FAMILY = "1,2";
			};
			name = Debug;
		};
		30AB910428EB2AC800897285 /* Release */ = {
			isa = XCBuildConfiguration;
			buildSettings = {
				ASSETCATALOG_COMPILER_APPICON_NAME = AppIcon;
				ASSETCATALOG_COMPILER_GLOBAL_ACCENT_COLOR_NAME = AccentColor;
				CODE_SIGN_STYLE = Automatic;
				CURRENT_PROJECT_VERSION = 1;
				DEVELOPMENT_ASSET_PATHS = "\"intergalacticTravel/Preview Content\"";
				DEVELOPMENT_TEAM = NX45SC475G;
				ENABLE_PREVIEWS = YES;
				GENERATE_INFOPLIST_FILE = YES;
				INFOPLIST_KEY_UIApplicationSceneManifest_Generation = YES;
				INFOPLIST_KEY_UIApplicationSupportsIndirectInputEvents = YES;
				INFOPLIST_KEY_UILaunchScreen_Generation = YES;
				INFOPLIST_KEY_UISupportedInterfaceOrientations_iPad = "UIInterfaceOrientationPortrait UIInterfaceOrientationPortraitUpsideDown UIInterfaceOrientationLandscapeLeft UIInterfaceOrientationLandscapeRight";
				INFOPLIST_KEY_UISupportedInterfaceOrientations_iPhone = "UIInterfaceOrientationPortrait UIInterfaceOrientationLandscapeLeft UIInterfaceOrientationLandscapeRight";
				LD_RUNPATH_SEARCH_PATHS = (
					"$(inherited)",
					"@executable_path/Frameworks",
				);
				MARKETING_VERSION = 1.0;
				PRODUCT_BUNDLE_IDENTIFIER = MApps.intergalacticTravel;
				PRODUCT_NAME = "$(TARGET_NAME)";
				SWIFT_EMIT_LOC_STRINGS = YES;
				SWIFT_VERSION = 5.0;
				TARGETED_DEVICE_FAMILY = "1,2";
			};
			name = Release;
		};
		30AB910628EB2AC800897285 /* Debug */ = {
			isa = XCBuildConfiguration;
			buildSettings = {
				ALWAYS_EMBED_SWIFT_STANDARD_LIBRARIES = YES;
				BUNDLE_LOADER = "$(TEST_HOST)";
				CODE_SIGN_STYLE = Automatic;
				CURRENT_PROJECT_VERSION = 1;
				DEVELOPMENT_TEAM = NX45SC475G;
				GENERATE_INFOPLIST_FILE = YES;
				IPHONEOS_DEPLOYMENT_TARGET = 15.5;
				MARKETING_VERSION = 1.0;
				PRODUCT_BUNDLE_IDENTIFIER = MApps.intergalacticTravelTests;
				PRODUCT_NAME = "$(TARGET_NAME)";
				SWIFT_EMIT_LOC_STRINGS = NO;
				SWIFT_VERSION = 5.0;
				TARGETED_DEVICE_FAMILY = "1,2";
				TEST_HOST = "$(BUILT_PRODUCTS_DIR)/intergalacticTravel.app/intergalacticTravel";
			};
			name = Debug;
		};
		30AB910728EB2AC800897285 /* Release */ = {
			isa = XCBuildConfiguration;
			buildSettings = {
				ALWAYS_EMBED_SWIFT_STANDARD_LIBRARIES = YES;
				BUNDLE_LOADER = "$(TEST_HOST)";
				CODE_SIGN_STYLE = Automatic;
				CURRENT_PROJECT_VERSION = 1;
				DEVELOPMENT_TEAM = NX45SC475G;
				GENERATE_INFOPLIST_FILE = YES;
				IPHONEOS_DEPLOYMENT_TARGET = 15.5;
				MARKETING_VERSION = 1.0;
				PRODUCT_BUNDLE_IDENTIFIER = MApps.intergalacticTravelTests;
				PRODUCT_NAME = "$(TARGET_NAME)";
				SWIFT_EMIT_LOC_STRINGS = NO;
				SWIFT_VERSION = 5.0;
				TARGETED_DEVICE_FAMILY = "1,2";
				TEST_HOST = "$(BUILT_PRODUCTS_DIR)/intergalacticTravel.app/intergalacticTravel";
			};
			name = Release;
		};
		30AB910928EB2AC800897285 /* Debug */ = {
			isa = XCBuildConfiguration;
			buildSettings = {
				ALWAYS_EMBED_SWIFT_STANDARD_LIBRARIES = YES;
				CODE_SIGN_STYLE = Automatic;
				CURRENT_PROJECT_VERSION = 1;
				DEVELOPMENT_TEAM = NX45SC475G;
				GENERATE_INFOPLIST_FILE = YES;
				MARKETING_VERSION = 1.0;
				PRODUCT_BUNDLE_IDENTIFIER = MApps.intergalacticTravelUITests;
				PRODUCT_NAME = "$(TARGET_NAME)";
				SWIFT_EMIT_LOC_STRINGS = NO;
				SWIFT_VERSION = 5.0;
				TARGETED_DEVICE_FAMILY = "1,2";
				TEST_TARGET_NAME = intergalacticTravel;
			};
			name = Debug;
		};
		30AB910A28EB2AC800897285 /* Release */ = {
			isa = XCBuildConfiguration;
			buildSettings = {
				ALWAYS_EMBED_SWIFT_STANDARD_LIBRARIES = YES;
				CODE_SIGN_STYLE = Automatic;
				CURRENT_PROJECT_VERSION = 1;
				DEVELOPMENT_TEAM = NX45SC475G;
				GENERATE_INFOPLIST_FILE = YES;
				MARKETING_VERSION = 1.0;
				PRODUCT_BUNDLE_IDENTIFIER = MApps.intergalacticTravelUITests;
				PRODUCT_NAME = "$(TARGET_NAME)";
				SWIFT_EMIT_LOC_STRINGS = NO;
				SWIFT_VERSION = 5.0;
				TARGETED_DEVICE_FAMILY = "1,2";
				TEST_TARGET_NAME = intergalacticTravel;
			};
			name = Release;
		};
/* End XCBuildConfiguration section */

/* Begin XCConfigurationList section */
		30AB90D928EB2AC700897285 /* Build configuration list for PBXProject "intergalacticTravel" */ = {
			isa = XCConfigurationList;
			buildConfigurations = (
				30AB910028EB2AC800897285 /* Debug */,
				30AB910128EB2AC800897285 /* Release */,
			);
			defaultConfigurationIsVisible = 0;
			defaultConfigurationName = Release;
		};
		30AB910228EB2AC800897285 /* Build configuration list for PBXNativeTarget "intergalacticTravel" */ = {
			isa = XCConfigurationList;
			buildConfigurations = (
				30AB910328EB2AC800897285 /* Debug */,
				30AB910428EB2AC800897285 /* Release */,
			);
			defaultConfigurationIsVisible = 0;
			defaultConfigurationName = Release;
		};
		30AB910528EB2AC800897285 /* Build configuration list for PBXNativeTarget "intergalacticTravelTests" */ = {
			isa = XCConfigurationList;
			buildConfigurations = (
				30AB910628EB2AC800897285 /* Debug */,
				30AB910728EB2AC800897285 /* Release */,
			);
			defaultConfigurationIsVisible = 0;
			defaultConfigurationName = Release;
		};
		30AB910828EB2AC800897285 /* Build configuration list for PBXNativeTarget "intergalacticTravelUITests" */ = {
			isa = XCConfigurationList;
			buildConfigurations = (
				30AB910928EB2AC800897285 /* Debug */,
				30AB910A28EB2AC800897285 /* Release */,
			);
			defaultConfigurationIsVisible = 0;
			defaultConfigurationName = Release;
		};
/* End XCConfigurationList section */
	};
	rootObject = 30AB90D628EB2AC700897285 /* Project object */;
}
